
Microsoft Visual Studio Solution File, Format Version 12.00
# Visual Studio 2012
Project("{FAE04EC0-301F-11D3-BF4B-00C04F79EFBC}") = "Calendar.Google", "Calendar.Google\Calendar.Google.csproj", "{90847379-F83B-4C8C-BA07-78516E0F0149}"
EndProject
Project("{FAE04EC0-301F-11D3-BF4B-00C04F79EFBC}") = "Calendar.University", "Calendar.University\Calendar.University.csproj", "{9AA292EA-8364-4514-A2F4-52F0B73333FA}"
EndProject
Project("{FAE04EC0-301F-11D3-BF4B-00C04F79EFBC}") = "Calendar.Exchange", "Calendar.Exchange\Calendar.Exchange.csproj", "{AD34C1D8-F5B4-46EF-A81B-A7E789F49440}"
EndProject
Global
	GlobalSection(SolutionConfigurationPlatforms) = preSolution
		Debug|Any CPU = Debug|Any CPU
		Release|Any CPU = Release|Any CPU
	EndGlobalSection
	GlobalSection(ProjectConfigurationPlatforms) = postSolution
		{90847379-F83B-4C8C-BA07-78516E0F0149}.Debug|Any CPU.ActiveCfg = Debug|Any CPU
		{90847379-F83B-4C8C-BA07-78516E0F0149}.Debug|Any CPU.Build.0 = Debug|Any CPU
		{90847379-F83B-4C8C-BA07-78516E0F0149}.Release|Any CPU.ActiveCfg = Release|Any CPU
		{90847379-F83B-4C8C-BA07-78516E0F0149}.Release|Any CPU.Build.0 = Release|Any CPU
		{9AA292EA-8364-4514-A2F4-52F0B73333FA}.Debug|Any CPU.ActiveCfg = Debug|Any CPU
		{9AA292EA-8364-4514-A2F4-52F0B73333FA}.Debug|Any CPU.Build.0 = Debug|Any CPU
		{9AA292EA-8364-4514-A2F4-52F0B73333FA}.Release|Any CPU.ActiveCfg = Release|Any CPU
		{9AA292EA-8364-4514-A2F4-52F0B73333FA}.Release|Any CPU.Build.0 = Release|Any CPU
		{AD34C1D8-F5B4-46EF-A81B-A7E789F49440}.Debug|Any CPU.ActiveCfg = Debug|Any CPU
		{AD34C1D8-F5B4-46EF-A81B-A7E789F49440}.Debug|Any CPU.Build.0 = Debug|Any CPU
		{AD34C1D8-F5B4-46EF-A81B-A7E789F49440}.Release|Any CPU.ActiveCfg = Release|Any CPU
		{AD34C1D8-F5B4-46EF-A81B-A7E789F49440}.Release|Any CPU.Build.0 = Release|Any CPU
	EndGlobalSection
EndGlobal
